{
  "name": "keyboardgame",
  "version": "1.0.0",
  "lockfileVersion": 3,
  "requires": true,
  "packages": {
    "": {
      "name": "keyboardgame",
      "version": "1.0.0",
      "license": "ISC",
      "dependencies": {
        "cue-sdk": "^4.0.84",
        "node-global-key-listener": "^0.3.0"
      }
    },
    "node_modules/cue-sdk": {
      "version": "4.0.84",
      "resolved": "https://registry.npmjs.org/cue-sdk/-/cue-sdk-4.0.84.tgz",
      "integrity": "sha512-K3FGdz5Wd396SbTdF7c+4pbwZxLlkBoCU/TCwzPQBAXdoLG24EfEOo0MSM4YbtuM7oU76H8H46FOWVoXiZjYFw==",
      "hasInstallScript": true,
      "license": "MIT",
      "dependencies": {
        "node-addon-api": "5.1.0",
        "node-gyp-build": "4.6.0"
      }
    },
    "node_modules/node-addon-api": {
      "version": "5.1.0",
      "resolved": "https://registry.npmjs.org/node-addon-api/-/node-addon-api-5.1.0.tgz",
      "integrity": "sha512-eh0GgfEkpnoWDq+VY8OyvYhFEzBk6jIYbRKdIlyTiAXIVJ8PyBaKb0rp7oDtoddbdoHWhq8wwr+XZ81F1rpNdA==",
      "license": "MIT"
    },
    "node_modules/node-global-key-listener": {
      "version": "0.3.0",
      "resolved": "https://registry.npmjs.org/node-global-key-listener/-/node-global-key-listener-0.3.0.tgz",
      "integrity": "sha512-yWB1OFrDlzXYm3+hYcE8xOscvclpBAQGXcBnc2ytenFLkZfxFipuCwhuIIlIKVtwBuDRkdXJVZMqN99cPVBFFA==",
      "license": "MIT",
      "dependencies": {
        "sudo-prompt": "^9.2.1"
      }
    },
    "node_modules/node-gyp-build": {
      "version": "4.6.0",
      "resolved": "https://registry.npmjs.org/node-gyp-build/-/node-gyp-build-4.6.0.tgz",
      "integrity": "sha512-NTZVKn9IylLwUzaKjkas1e4u2DLNcV4rdYagA4PWdPwW87Bi7z+BznyKSRwS/761tV/lzCGXplWsiaMjLqP2zQ==",
      "license": "MIT",
      "bin": {
        "node-gyp-build": "bin.js",
        "node-gyp-build-optional": "optional.js",
        "node-gyp-build-test": "build-test.js"
      }
    },
    "node_modules/sudo-prompt": {
      "version": "9.2.1",
      "resolved": "https://registry.npmjs.org/sudo-prompt/-/sudo-prompt-9.2.1.tgz",
      "integrity": "sha512-Mu7R0g4ig9TUuGSxJavny5Rv0egCEtpZRNMrZaYS1vxkiIxGiGUwoezU3LazIQ+KE04hTrTfNPgxU5gzi7F5Pw==",
      "deprecated": "Package no longer supported. Contact Support at https://www.npmjs.com/support for more info.",
      "license": "MIT"
    }
  }
}
